
Microsoft Visual Studio Solution File, Format Version 12.00
# Visual Studio Version 17
VisualStudioVersion = 17.9.34616.47
MinimumVisualStudioVersion = 10.0.40219.1
Project("{FAE04EC0-301F-11D3-BF4B-00C04F79EFBC}") = "RadomNumberGuessingGame", "RadomNumberGuessingGame.csproj", "{F9053D26-8193-4794-AF6A-0FE8BDE00F3C}"
EndProject
Global
	GlobalSection(SolutionConfigurationPlatforms) = preSolution
		Debug|Any CPU = Debug|Any CPU
		Release|Any CPU = Release|Any CPU
	EndGlobalSection
	GlobalSection(ProjectConfigurationPlatforms) = postSolution
		{F9053D26-8193-4794-AF6A-0FE8BDE00F3C}.Debug|Any CPU.ActiveCfg = Debug|Any CPU
		{F9053D26-8193-4794-AF6A-0FE8BDE00F3C}.Debug|Any CPU.Build.0 = Debug|Any CPU
		{F9053D26-8193-4794-AF6A-0FE8BDE00F3C}.Release|Any CPU.ActiveCfg = Release|Any CPU
		{F9053D26-8193-4794-AF6A-0FE8BDE00F3C}.Release|Any CPU.Build.0 = Release|Any CPU
	EndGlobalSection
	GlobalSection(SolutionProperties) = preSolution
		HideSolutionNode = FALSE
	EndGlobalSection
	GlobalSection(ExtensibilityGlobals) = postSolution
		SolutionGuid = {E09DD99A-796F-4C43-B472-FB3E7C2EB9FF}
	EndGlobalSection
EndGlobal
